github.com/blevesearch/go-porterstemmer v1.0.3 h1:GtmsqID0aZdCSNiY8SkuPJ12pD4jI+DdXTAn4YRcHCo=
github.com/blevesearch/go-porterstemmer v1.0.3/go.mod h1:angGc5Ht+k2xhJdZi511LtmxuEf0OVpvUUNrwmM1P7M=
golang.org/x/exp v0.0.0-20231127185646-65229373498e h1:Gvh4YaCaXNs6dKTlfgismwWZKyjVZXwOPfIyUaqU3No=
golang.org/x/exp v0.0.0-20231127185646-65229373498e/go.mod h1:iRJReGqOEeBhDZGkGbynYwcHlctCvnjTYIamk7uXpHI=
